
Microsoft Visual Studio Solution File, Format Version 12.00
# Visual Studio Version 16
VisualStudioVersion = 16.0.29911.84
MinimumVisualStudioVersion = 10.0.40219.1
Project("{FAE04EC0-301F-11D3-BF4B-00C04F79EFBC}") = "NavierStokes_FluidSimulation", "NavierStokes_FluidSimulation\NavierStokes_FluidSimulation.csproj", "{C84478D6-DFF9-40E5-AD35-5E91DF11E0D4}"
EndProject
Global
	GlobalSection(SolutionConfigurationPlatforms) = preSolution
		Debug|Any CPU = Debug|Any CPU
		Release|Any CPU = Release|Any CPU
	EndGlobalSection
	GlobalSection(ProjectConfigurationPlatforms) = postSolution
		{C84478D6-DFF9-40E5-AD35-5E91DF11E0D4}.Debug|Any CPU.ActiveCfg = Debug|Any CPU
		{C84478D6-DFF9-40E5-AD35-5E91DF11E0D4}.Debug|Any CPU.Build.0 = Debug|Any CPU
		{C84478D6-DFF9-40E5-AD35-5E91DF11E0D4}.Release|Any CPU.ActiveCfg = Release|Any CPU
		{C84478D6-DFF9-40E5-AD35-5E91DF11E0D4}.Release|Any CPU.Build.0 = Release|Any CPU
	EndGlobalSection
	GlobalSection(SolutionProperties) = preSolution
		HideSolutionNode = FALSE
	EndGlobalSection
	GlobalSection(ExtensibilityGlobals) = postSolution
		SolutionGuid = {8122D1AD-08D8-4FA6-808D-B3962D125D8E}
	EndGlobalSection
EndGlobal
